
Microsoft Visual Studio Solution File, Format Version 12.00
# Visual Studio Version 17
VisualStudioVersion = 17.14.36221.1 d17.14
MinimumVisualStudioVersion = 10.0.40219.1
Project("{FAE04EC0-301F-11D3-BF4B-00C04F79EFBC}") = "TextRPG", "TextRPG\TextRPG.csproj", "{82654E70-D36A-4ADB-B5E4-4ED4FEA20702}"
EndProject
Global
	GlobalSection(SolutionConfigurationPlatforms) = preSolution
		Debug|Any CPU = Debug|Any CPU
		Release|Any CPU = Release|Any CPU
	EndGlobalSection
	GlobalSection(ProjectConfigurationPlatforms) = postSolution
		{82654E70-D36A-4ADB-B5E4-4ED4FEA20702}.Debug|Any CPU.ActiveCfg = Debug|Any CPU
		{82654E70-D36A-4ADB-B5E4-4ED4FEA20702}.Debug|Any CPU.Build.0 = Debug|Any CPU
		{82654E70-D36A-4ADB-B5E4-4ED4FEA20702}.Release|Any CPU.ActiveCfg = Release|Any CPU
		{82654E70-D36A-4ADB-B5E4-4ED4FEA20702}.Release|Any CPU.Build.0 = Release|Any CPU
	EndGlobalSection
	GlobalSection(SolutionProperties) = preSolution
		HideSolutionNode = FALSE
	EndGlobalSection
	GlobalSection(ExtensibilityGlobals) = postSolution
		SolutionGuid = {5206E8BA-ABEC-4E46-9F7F-3ED35E49D6F9}
	EndGlobalSection
EndGlobal
